// !$*UTF8*$!
{
	archiveVersion = 1;
	classes = {
	};
	objectVersion = 46;
	objects = {

/* Begin PBXBuildFile section */
		AE3802691E5216890062ECED /* AppDelegate.swift in Sources */ = {isa = PBXBuildFile; fileRef = AE3802681E5216890062ECED /* AppDelegate.swift */; };
		AE38026B1E5216890062ECED /* ViewController.swift in Sources */ = {isa = PBXBuildFile; fileRef = AE38026A1E5216890062ECED /* ViewController.swift */; };
		AE38026E1E5216890062ECED /* Main.storyboard in Resources */ = {isa = PBXBuildFile; fileRef = AE38026C1E5216890062ECED /* Main.storyboard */; };
		AE3802701E5216890062ECED /* Assets.xcassets in Resources */ = {isa = PBXBuildFile; fileRef = AE38026F1E5216890062ECED /* Assets.xcassets */; };
		AE3802731E5216890062ECED /* LaunchScreen.storyboard in Resources */ = {isa = PBXBuildFile; fileRef = AE3802711E5216890062ECED /* LaunchScreen.storyboard */; };
		AE38027E1E52168A0062ECED /* TodoListTests.swift in Sources */ = {isa = PBXBuildFile; fileRef = AE38027D1E52168A0062ECED /* TodoListTests.swift */; };
/* End PBXBuildFile section */

/* Begin PBXContainerItemProxy section */
		AE38027A1E52168A0062ECED /* PBXContainerItemProxy */ = {
			isa = PBXContainerItemProxy;
			containerPortal = AE38025D1E5216890062ECED /* Project object */;
			proxyType = 1;
			remoteGlobalIDString = AE3802641E5216890062ECED;
			remoteInfo = TodoList;
		};
/* End PBXContainerItemProxy section */

/* Begin PBXFileReference section */
		AE3802651E5216890062ECED /* TodoList.app */ = {isa = PBXFileReference; explicitFileType = wrapper.application; includeInIndex = 0; path = TodoList.app; sourceTree = BUILT_PRODUCTS_DIR; };
		AE3802681E5216890062ECED /* AppDelegate.swift */ = {isa = PBXFileReference; lastKnownFileType = sourcecode.swift; path = AppDelegate.swift; sourceTree = "<group>"; };
		AE38026A1E5216890062ECED /* ViewController.swift */ = {isa = PBXFileReference; lastKnownFileType = sourcecode.swift; path = ViewController.swift; sourceTree = "<group>"; };
		AE38026D1E5216890062ECED /* Base */ = {isa = PBXFileReference; lastKnownFileType = file.storyboard; name = Base; path = Base.lproj/Main.storyboard; sourceTree = "<group>"; };
		AE38026F1E5216890062ECED /* Assets.xcassets */ = {isa = PBXFileReference; lastKnownFileType = folder.assetcatalog; path = Assets.xcassets; sourceTree = "<group>"; };
		AE3802721E5216890062ECED /* Base */ = {isa = PBXFileReference; lastKnownFileType = file.storyboard; name = Base; path = Base.lproj/LaunchScreen.storyboard; sourceTree = "<group>"; };
		AE3802741E5216890062ECED /* Info.plist */ = {isa = PBXFileReference; lastKnownFileType = text.plist.xml; path = Info.plist; sourceTree = "<group>"; };
		AE3802791E52168A0062ECED /* TodoListTests.xctest */ = {isa = PBXFileReference; explicitFileType = wrapper.cfbundle; includeInIndex = 0; path = TodoListTests.xctest; sourceTree = BUILT_PRODUCTS_DIR; };
		AE38027D1E52168A0062ECED /* TodoListTests.swift */ = {isa = PBXFileReference; lastKnownFileType = sourcecode.swift; path = TodoListTests.swift; sourceTree = "<group>"; };
		AE38027F1E52168A0062ECED /* Info.plist */ = {isa = PBXFileReference; lastKnownFileType = text.plist.xml; path = Info.plist; sourceTree = "<group>"; };
/* End PBXFileReference section */

/* Begin PBXFrameworksBuildPhase section */
		AE3802621E5216890062ECED /* Frameworks */ = {
			isa = PBXFrameworksBuildPhase;
			buildActionMask = 2147483647;
			files = (
			);
			runOnlyForDeploymentPostprocessing = 0;
		};
		AE3802761E52168A0062ECED /* Frameworks */ = {
			isa = PBXFrameworksBuildPhase;
			buildActionMask = 2147483647;
			files = (
			);
			runOnlyForDeploymentPostprocessing = 0;
		};
/* End PBXFrameworksBuildPhase section */

/* Begin PBXGroup section */
		AE38025C1E5216890062ECED = {
			isa = PBXGroup;
			children = (
				AE3802671E5216890062ECED /* TodoList */,
				AE38027C1E52168A0062ECED /* TodoListTests */,
				AE3802661E5216890062ECED /* Products */,
			);
			sourceTree = "<group>";
		};
		AE3802661E5216890062ECED /* Products */ = {
			isa = PBXGroup;
			children = (
				AE3802651E5216890062ECED /* TodoList.app */,
				AE3802791E52168A0062ECED /* TodoListTests.xctest */,
			);
			name = Products;
			sourceTree = "<group>";
		};
		AE3802671E5216890062ECED /* TodoList */ = {
			isa = PBXGroup;
			children = (
				AE3802681E5216890062ECED /* AppDelegate.swift */,
				AE38026A1E5216890062ECED /* ViewController.swift */,
				AE38026C1E5216890062ECED /* Main.storyboard */,
				AE38026F1E5216890062ECED /* Assets.xcassets */,
				AE3802711E5216890062ECED /* LaunchScreen.storyboard */,
				AE3802741E5216890062ECED /* Info.plist */,
			);
			path = TodoList;
			sourceTree = "<group>";
		};
		AE38027C1E52168A0062ECED /* TodoListTests */ = {
			isa = PBXGroup;
			children = (
				AE38027D1E52168A0062ECED /* TodoListTests.swift */,
				AE38027F1E52168A0062ECED /* Info.plist */,
			);
			path = TodoListTests;
			sourceTree = "<group>";
		};
/* End PBXGroup section */

/* Begin PBXNativeTarget section */
		AE3802641E5216890062ECED /* TodoList */ = {
			isa = PBXNativeTarget;
			buildConfigurationList = AE3802821E52168A0062ECED /* Build configuration list for PBXNativeTarget "TodoList" */;
			buildPhases = (
				AE3802611E5216890062ECED /* Sources */,
				AE3802621E5216890062ECED /* Frameworks */,
				AE3802631E5216890062ECED /* Resources */,
			);
			buildRules = (
			);
			dependencies = (
			);
			name = TodoList;
			productName = TodoList;
			productReference = AE3802651E5216890062ECED /* TodoList.app */;
			productType = "com.apple.product-type.application";
		};
		AE3802781E52168A0062ECED /* TodoListTests */ = {
			isa = PBXNativeTarget;
			buildConfigurationList = AE3802851E52168A0062ECED /* Build configuration list for PBXNativeTarget "TodoListTests" */;
			buildPhases = (
				AE3802751E52168A0062ECED /* Sources */,
				AE3802761E52168A0062ECED /* Frameworks */,
				AE3802771E52168A0062ECED /* Resources */,
			);
			buildRules = (
			);
			dependencies = (
				AE38027B1E52168A0062ECED /* PBXTargetDependency */,
			);
			name = TodoListTests;
			productName = TodoListTests;
			productReference = AE3802791E52168A0062ECED /* TodoListTests.xctest */;
			productType = "com.apple.product-type.bundle.unit-test";
		};
/* End PBXNativeTarget section */

/* Begin PBXProject section */
		AE38025D1E5216890062ECED /* Project object */ = {
			isa = PBXProject;
			attributes = {
				LastSwiftUpdateCheck = 0820;
				LastUpgradeCheck = 0820;
				ORGANIZATIONNAME = Pivotal;
				TargetAttributes = {
					AE3802641E5216890062ECED = {
						CreatedOnToolsVersion = 8.2.1;
						ProvisioningStyle = Automatic;
					};
					AE3802781E52168A0062ECED = {
						CreatedOnToolsVersion = 8.2.1;
						ProvisioningStyle = Automatic;
						TestTargetID = AE3802641E5216890062ECED;
					};
				};
			};
			buildConfigurationList = AE3802601E5216890062ECED /* Build configuration list for PBXProject "TodoList" */;
			compatibilityVersion = "Xcode 3.2";
			developmentRegion = English;
			hasScannedForEncodings = 0;
			knownRegions = (
				en,
				Base,
			);
			mainGroup = AE38025C1E5216890062ECED;
			productRefGroup = AE3802661E5216890062ECED /* Products */;
			projectDirPath = "";
			projectRoot = "";
			targets = (
				AE3802641E5216890062ECED /* TodoList */,
				AE3802781E52168A0062ECED /* TodoListTests */,
			);
		};
/* End PBXProject section */

/* Begin PBXResourcesBuildPhase section */
		AE3802631E5216890062ECED /* Resources */ = {
			isa = PBXResourcesBuildPhase;
			buildActionMask = 2147483647;
			files = (
				AE3802731E5216890062ECED /* LaunchScreen.storyboard in Resources */,
				AE3802701E5216890062ECED /* Assets.xcassets in Resources */,
				AE38026E1E5216890062ECED /* Main.storyboard in Resources */,
			);
			runOnlyForDeploymentPostprocessing = 0;
		};
		AE3802771E52168A0062ECED /* Resources */ = {
			isa = PBXResourcesBuildPhase;
			buildActionMask = 2147483647;
			files = (
			);
			runOnlyForDeploymentPostprocessing = 0;
		};
/* End PBXResourcesBuildPhase section */

/* Begin PBXSourcesBuildPhase section */
		AE3802611E5216890062ECED /* Sources */ = {
			isa = PBXSourcesBuildPhase;
			buildActionMask = 2147483647;
			files = (
				AE38026B1E5216890062ECED /* ViewController.swift in Sources */,
				AE3802691E5216890062ECED /* AppDelegate.swift in Sources */,
			);
			runOnlyForDeploymentPostprocessing = 0;
		};
		AE3802751E52168A0062ECED /* Sources */ = {
			isa = PBXSourcesBuildPhase;
			buildActionMask = 2147483647;
			files = (
				AE38027E1E52168A0062ECED /* TodoListTests.swift in Sources */,
			);
			runOnlyForDeploymentPostprocessing = 0;
		};
/* End PBXSourcesBuildPhase section */

/* Begin PBXTargetDependency section */
		AE38027B1E52168A0062ECED /* PBXTargetDependency */ = {
			isa = PBXTargetDependency;
			target = AE3802641E5216890062ECED /* TodoList */;
			targetProxy = AE38027A1E52168A0062ECED /* PBXContainerItemProxy */;
		};
/* End PBXTargetDependency section */

/* Begin PBXVariantGroup section */
		AE38026C1E5216890062ECED /* Main.storyboard */ = {
			isa = PBXVariantGroup;
			children = (
				AE38026D1E5216890062ECED /* Base */,
			);
			name = Main.storyboard;
			sourceTree = "<group>";
		};
		AE3802711E5216890062ECED /* LaunchScreen.storyboard */ = {
			isa = PBXVariantGroup;
			children = (
				AE3802721E5216890062ECED /* Base */,
			);
			name = LaunchScreen.storyboard;
			sourceTree = "<group>";
		};
/* End PBXVariantGroup section */

/* Begin XCBuildConfiguration section */
		AE3802801E52168A0062ECED /* Debug */ = {
			isa = XCBuildConfiguration;
			buildSettings = {
				ALWAYS_SEARCH_USER_PATHS = NO;
				CLANG_ANALYZER_NONNULL = YES;
				CLANG_CXX_LANGUAGE_STANDARD = "gnu++0x";
				CLANG_CXX_LIBRARY = "libc++";
				CLANG_ENABLE_MODULES = YES;
				CLANG_ENABLE_OBJC_ARC = YES;
				CLANG_WARN_BOOL_CONVERSION = YES;
				CLANG_WARN_CONSTANT_CONVERSION = YES;
				CLANG_WARN_DIRECT_OBJC_ISA_USAGE = YES_ERROR;
				CLANG_WARN_DOCUMENTATION_COMMENTS = YES;
				CLANG_WARN_EMPTY_BODY = YES;
				CLANG_WARN_ENUM_CONVERSION = YES;
				CLANG_WARN_INFINITE_RECURSION = YES;
				CLANG_WARN_INT_CONVERSION = YES;
				CLANG_WARN_OBJC_ROOT_CLASS = YES_ERROR;
				CLANG_WARN_SUSPICIOUS_MOVE = YES;
				CLANG_WARN_UNREACHABLE_CODE = YES;
				CLANG_WARN__DUPLICATE_METHOD_MATCH = YES;
				"CODE_SIGN_IDENTITY[sdk=iphoneos*]" = "iPhone Developer";
				COPY_PHASE_STRIP = NO;
				DEBUG_INFORMATION_FORMAT = dwarf;
				ENABLE_STRICT_OBJC_MSGSEND = YES;
				ENABLE_TESTABILITY = YES;
				GCC_C_LANGUAGE_STANDARD = gnu99;
				GCC_DYNAMIC_NO_PIC = NO;
				GCC_NO_COMMON_BLOCKS = YES;
				GCC_OPTIMIZATION_LEVEL = 0;
				GCC_PREPROCESSOR_DEFINITIONS = (
					"DEBUG=1",
					"$(inherited)",
				);
				GCC_WARN_64_TO_32_BIT_CONVERSION = YES;
				GCC_WARN_ABOUT_RETURN_TYPE = YES_ERROR;
				GCC_WARN_UNDECLARED_SELECTOR = YES;
				GCC_WARN_UNINITIALIZED_AUTOS = YES_AGGRESSIVE;
				GCC_WARN_UNUSED_FUNCTION = YES;
				GCC_WARN_UNUSED_VARIABLE = YES;
				IPHONEOS_DEPLOYMENT_TARGET = 10.2;
				MTL_ENABLE_DEBUG_INFO = YES;
				ONLY_ACTIVE_ARCH = YES;
				SDKROOT = iphoneos;
				SWIFT_ACTIVE_COMPILATION_CONDITIONS = DEBUG;
				SWIFT_OPTIMIZATION_LEVEL = "-Onone";
				TARGETED_DEVICE_FAMILY = 2;
			};
			name = Debug;
		};
		AE3802811E52168A0062ECED /* Release */ = {
			isa = XCBuildConfiguration;
			buildSettings = {
				ALWAYS_SEARCH_USER_PATHS = NO;
				CLANG_ANALYZER_NONNULL = YES;
				CLANG_CXX_LANGUAGE_STANDARD = "gnu++0x";
				CLANG_CXX_LIBRARY = "libc++";
				CLANG_ENABLE_MODULES = YES;
				CLANG_ENABLE_OBJC_ARC = YES;
				CLANG_WARN_BOOL_CONVERSION = YES;
				CLANG_WARN_CONSTANT_CONVERSION = YES;
				CLANG_WARN_DIRECT_OBJC_ISA_USAGE = YES_ERROR;
				CLANG_WARN_DOCUMENTATION_COMMENTS = YES;
				CLANG_WARN_EMPTY_BODY = YES;
				CLANG_WARN_ENUM_CONVERSION = YES;
				CLANG_WARN_INFINITE_RECURSION = YES;
				CLANG_WARN_INT_CONVERSION = YES;
				CLANG_WARN_OBJC_ROOT_CLASS = YES_ERROR;
				CLANG_WARN_SUSPICIOUS_MOVE = YES;
				CLANG_WARN_UNREACHABLE_CODE = YES;
				CLANG_WARN__DUPLICATE_METHOD_MATCH = YES;
				"CODE_SIGN_IDENTITY[sdk=iphoneos*]" = "iPhone Developer";
				COPY_PHASE_STRIP = NO;
				DEBUG_INFORMATION_FORMAT = "dwarf-with-dsym";
				ENABLE_NS_ASSERTIONS = NO;
				ENABLE_STRICT_OBJC_MSGSEND = YES;
				GCC_C_LANGUAGE_STANDARD = gnu99;
				GCC_NO_COMMON_BLOCKS = YES;
				GCC_WARN_64_TO_32_BIT_CONVERSION = YES;
				GCC_WARN_ABOUT_RETURN_TYPE = YES_ERROR;
				GCC_WARN_UNDECLARED_SELECTOR = YES;
				GCC_WARN_UNINITIALIZED_AUTOS = YES_AGGRESSIVE;
				GCC_WARN_UNUSED_FUNCTION = YES;
				GCC_WARN_UNUSED_VARIABLE = YES;
				IPHONEOS_DEPLOYMENT_TARGET = 10.2;
				MTL_ENABLE_DEBUG_INFO = NO;
				SDKROOT = iphoneos;
				SWIFT_OPTIMIZATION_LEVEL = "-Owholemodule";
				TARGETED_DEVICE_FAMILY = 2;
				VALIDATE_PRODUCT = YES;
			};
			name = Release;
		};
		AE3802831E52168A0062ECED /* Debug */ = {
			isa = XCBuildConfiguration;
			buildSettings = {
				ASSETCATALOG_COMPILER_APPICON_NAME = AppIcon;
				INFOPLIST_FILE = TodoList/Info.plist;
				LD_RUNPATH_SEARCH_PATHS = "$(inherited) @executable_path/Frameworks";
				PRODUCT_BUNDLE_IDENTIFIER = com.example.TodoList;
				PRODUCT_NAME = "$(TARGET_NAME)";
				SWIFT_VERSION = 3.0;
			};
			name = Debug;
		};
		AE3802841E52168A0062ECED /* Release */ = {
			isa = XCBuildConfiguration;
			buildSettings = {
				ASSETCATALOG_COMPILER_APPICON_NAME = AppIcon;
				INFOPLIST_FILE = TodoList/Info.plist;
				LD_RUNPATH_SEARCH_PATHS = "$(inherited) @executable_path/Frameworks";
				PRODUCT_BUNDLE_IDENTIFIER = com.example.TodoList;
				PRODUCT_NAME = "$(TARGET_NAME)";
				SWIFT_VERSION = 3.0;
			};
			name = Release;
		};
		AE3802861E52168A0062ECED /* Debug */ = {
			isa = XCBuildConfiguration;
			buildSettings = {
				ALWAYS_EMBED_SWIFT_STANDARD_LIBRARIES = YES;
				BUNDLE_LOADER = "$(TEST_HOST)";
				INFOPLIST_FILE = TodoListTests/Info.plist;
				LD_RUNPATH_SEARCH_PATHS = "$(inherited) @executable_path/Frameworks @loader_path/Frameworks";
				PRODUCT_BUNDLE_IDENTIFIER = com.example.TodoListTests;
				PRODUCT_NAME = "$(TARGET_NAME)";
				SWIFT_VERSION = 3.0;
				TEST_HOST = "$(BUILT_PRODUCTS_DIR)/TodoList.app/TodoList";
			};
			name = Debug;
		};
		AE3802871E52168A0062ECED /* Release */ = {
			isa = XCBuildConfiguration;
			buildSettings = {
				ALWAYS_EMBED_SWIFT_STANDARD_LIBRARIES = YES;
				BUNDLE_LOADER = "$(TEST_HOST)";
				INFOPLIST_FILE = TodoListTests/Info.plist;
				LD_RUNPATH_SEARCH_PATHS = "$(inherited) @executable_path/Frameworks @loader_path/Frameworks";
				PRODUCT_BUNDLE_IDENTIFIER = com.example.TodoListTests;
				PRODUCT_NAME = "$(TARGET_NAME)";
				SWIFT_VERSION = 3.0;
				TEST_HOST = "$(BUILT_PRODUCTS_DIR)/TodoList.app/TodoList";
			};
			name = Release;
		};
/* End XCBuildConfiguration section */

/* Begin XCConfigurationList section */
		AE3802601E5216890062ECED /* Build configuration list for PBXProject "TodoList" */ = {
			isa = XCConfigurationList;
			buildConfigurations = (
				AE3802801E52168A0062ECED /* Debug */,
				AE3802811E52168A0062ECED /* Release */,
			);
			defaultConfigurationIsVisible = 0;
			defaultConfigurationName = Release;
		};
		AE3802821E52168A0062ECED /* Build configuration list for PBXNativeTarget "TodoList" */ = {
			isa = XCConfigurationList;
			buildConfigurations = (
				AE3802831E52168A0062ECED /* Debug */,
				AE3802841E52168A0062ECED /* Release */,
			);
			defaultConfigurationIsVisible = 0;
		};
		AE3802851E52168A0062ECED /* Build configuration list for PBXNativeTarget "TodoListTests" */ = {
			isa = XCConfigurationList;
			buildConfigurations = (
				AE3802861E52168A0062ECED /* Debug */,
				AE3802871E52168A0062ECED /* Release */,
			);
			defaultConfigurationIsVisible = 0;
		};
/* End XCConfigurationList section */
	};
	rootObject = AE38025D1E5216890062ECED /* Project object */;
}
